
Microsoft Visual Studio Solution File, Format Version 12.00
# Visual Studio Version 17
VisualStudioVersion = 17.13.35931.197 d17.13
MinimumVisualStudioVersion = 10.0.40219.1
Project("{FAE04EC0-301F-11D3-BF4B-00C04F79EFBC}") = "ProblemSolving_CSharp", "ProblemSolving_CSharp.csproj", "{98113838-1D85-4523-A0B0-F7EAEA534143}"
EndProject
Global
	GlobalSection(SolutionConfigurationPlatforms) = preSolution
		Debug|Any CPU = Debug|Any CPU
		Release|Any CPU = Release|Any CPU
	EndGlobalSection
	GlobalSection(ProjectConfigurationPlatforms) = postSolution
		{98113838-1D85-4523-A0B0-F7EAEA534143}.Debug|Any CPU.ActiveCfg = Debug|Any CPU
		{98113838-1D85-4523-A0B0-F7EAEA534143}.Debug|Any CPU.Build.0 = Debug|Any CPU
		{98113838-1D85-4523-A0B0-F7EAEA534143}.Release|Any CPU.ActiveCfg = Release|Any CPU
		{98113838-1D85-4523-A0B0-F7EAEA534143}.Release|Any CPU.Build.0 = Release|Any CPU
	EndGlobalSection
	GlobalSection(SolutionProperties) = preSolution
		HideSolutionNode = FALSE
	EndGlobalSection
	GlobalSection(ExtensibilityGlobals) = postSolution
		SolutionGuid = {55514D6E-366E-4F5C-9F04-C31599F6EF0C}
	EndGlobalSection
EndGlobal
